
Microsoft Visual Studio Solution File, Format Version 12.00
# Visual Studio Version 17
VisualStudioVersion = 17.9.34622.214
MinimumVisualStudioVersion = 10.0.40219.1
Project("{FAE04EC0-301F-11D3-BF4B-00C04F79EFBC}") = "ClassMetotDemo", "ClassMetotDemo\ClassMetotDemo.csproj", "{FC80C2AD-4C2C-479E-964C-9EF0954E0CAD}"
EndProject
Global
	GlobalSection(SolutionConfigurationPlatforms) = preSolution
		Debug|Any CPU = Debug|Any CPU
		Release|Any CPU = Release|Any CPU
	EndGlobalSection
	GlobalSection(ProjectConfigurationPlatforms) = postSolution
		{FC80C2AD-4C2C-479E-964C-9EF0954E0CAD}.Debug|Any CPU.ActiveCfg = Debug|Any CPU
		{FC80C2AD-4C2C-479E-964C-9EF0954E0CAD}.Debug|Any CPU.Build.0 = Debug|Any CPU
		{FC80C2AD-4C2C-479E-964C-9EF0954E0CAD}.Release|Any CPU.ActiveCfg = Release|Any CPU
		{FC80C2AD-4C2C-479E-964C-9EF0954E0CAD}.Release|Any CPU.Build.0 = Release|Any CPU
	EndGlobalSection
	GlobalSection(SolutionProperties) = preSolution
		HideSolutionNode = FALSE
	EndGlobalSection
	GlobalSection(ExtensibilityGlobals) = postSolution
		SolutionGuid = {363FBC96-E58B-4268-9DB3-235D9C9C3502}
	EndGlobalSection
EndGlobal
